
Microsoft Visual Studio Solution File, Format Version 12.00
# Visual Studio Version 17
VisualStudioVersion = 17.0.31903.59
MinimumVisualStudioVersion = 10.0.40219.1
Project("{FAE04EC0-301F-11D3-BF4B-00C04F79EFBC}") = "PiSpyBackend.Api", "PiSpyBackend.Api\PiSpyBackend.Api.csproj", "{7AF39A3D-2257-40AE-AFC5-A35F5E379FE2}"
EndProject
Project("{FAE04EC0-301F-11D3-BF4B-00C04F79EFBC}") = "PiSpyBackend.Application", "PiSpyBackend.Application\PiSpyBackend.Application.csproj", "{C0800178-4B92-4B05-966E-785B217DCAE2}"
EndProject
Project("{FAE04EC0-301F-11D3-BF4B-00C04F79EFBC}") = "PiSpyBackend.Domain", "PiSpyBackend.Domain\PiSpyBackend.Domain.csproj", "{4EA7CD29-B478-4DFB-ADC4-1B52E1EE2B23}"
EndProject
Project("{FAE04EC0-301F-11D3-BF4B-00C04F79EFBC}") = "PiSpyBackend.Infrastructure", "PiSpyBackend.Infrastructure\PiSpyBackend.Infrastructure.csproj", "{B20F00FF-178B-43EF-97D0-68E55C49A16F}"
EndProject
Global
	GlobalSection(SolutionConfigurationPlatforms) = preSolution
		Debug|Any CPU = Debug|Any CPU
		Release|Any CPU = Release|Any CPU
	EndGlobalSection
	GlobalSection(SolutionProperties) = preSolution
		HideSolutionNode = FALSE
	EndGlobalSection
	GlobalSection(ProjectConfigurationPlatforms) = postSolution
		{7AF39A3D-2257-40AE-AFC5-A35F5E379FE2}.Debug|Any CPU.ActiveCfg = Debug|Any CPU
		{7AF39A3D-2257-40AE-AFC5-A35F5E379FE2}.Debug|Any CPU.Build.0 = Debug|Any CPU
		{7AF39A3D-2257-40AE-AFC5-A35F5E379FE2}.Release|Any CPU.ActiveCfg = Release|Any CPU
		{7AF39A3D-2257-40AE-AFC5-A35F5E379FE2}.Release|Any CPU.Build.0 = Release|Any CPU
		{C0800178-4B92-4B05-966E-785B217DCAE2}.Debug|Any CPU.ActiveCfg = Debug|Any CPU
		{C0800178-4B92-4B05-966E-785B217DCAE2}.Debug|Any CPU.Build.0 = Debug|Any CPU
		{C0800178-4B92-4B05-966E-785B217DCAE2}.Release|Any CPU.ActiveCfg = Release|Any CPU
		{C0800178-4B92-4B05-966E-785B217DCAE2}.Release|Any CPU.Build.0 = Release|Any CPU
		{4EA7CD29-B478-4DFB-ADC4-1B52E1EE2B23}.Debug|Any CPU.ActiveCfg = Debug|Any CPU
		{4EA7CD29-B478-4DFB-ADC4-1B52E1EE2B23}.Debug|Any CPU.Build.0 = Debug|Any CPU
		{4EA7CD29-B478-4DFB-ADC4-1B52E1EE2B23}.Release|Any CPU.ActiveCfg = Release|Any CPU
		{4EA7CD29-B478-4DFB-ADC4-1B52E1EE2B23}.Release|Any CPU.Build.0 = Release|Any CPU
		{B20F00FF-178B-43EF-97D0-68E55C49A16F}.Debug|Any CPU.ActiveCfg = Debug|Any CPU
		{B20F00FF-178B-43EF-97D0-68E55C49A16F}.Debug|Any CPU.Build.0 = Debug|Any CPU
		{B20F00FF-178B-43EF-97D0-68E55C49A16F}.Release|Any CPU.ActiveCfg = Release|Any CPU
		{B20F00FF-178B-43EF-97D0-68E55C49A16F}.Release|Any CPU.Build.0 = Release|Any CPU
	EndGlobalSection
EndGlobal
